// !$*UTF8*$!
{
	archiveVersion = 1;
	classes = {
	};
	objectVersion = 70;
	objects = {

/* Begin PBXBuildFile section */
		F10682A22CC2B4D200F740DC /* throw4.mlmodel in Sources */ = {isa = PBXBuildFile; fileRef = F10682A12CC2B4D200F740DC /* throw4.mlmodel */; };
		F1B0B6E92CC8759300D28374 /* frog.gif in Resources */ = {isa = PBXBuildFile; fileRef = F1B0B6E82CC8759300D28374 /* frog.gif */; };
		F1EECF222CBCE9850099A1E1 /* crumpdumpApp.swift in Sources */ = {isa = PBXBuildFile; fileRef = F1EECF212CBCE9850099A1E1 /* crumpdumpApp.swift */; };
		F1EECF262CBCE9860099A1E1 /* Assets.xcassets in Resources */ = {isa = PBXBuildFile; fileRef = F1EECF252CBCE9860099A1E1 /* Assets.xcassets */; };
/* End PBXBuildFile section */

/* Begin PBXContainerItemProxy section */
		F1EECF2F2CBCE9860099A1E1 /* PBXContainerItemProxy */ = {
			isa = PBXContainerItemProxy;
			containerPortal = F1EECF162CBCE9850099A1E1 /* Project object */;
			proxyType = 1;
			remoteGlobalIDString = F1EECF1D2CBCE9850099A1E1;
			remoteInfo = crumpdump;
		};
		F1EECF392CBCE9860099A1E1 /* PBXContainerItemProxy */ = {
			isa = PBXContainerItemProxy;
			containerPortal = F1EECF162CBCE9850099A1E1 /* Project object */;
			proxyType = 1;
			remoteGlobalIDString = F1EECF1D2CBCE9850099A1E1;
			remoteInfo = crumpdump;
		};
/* End PBXContainerItemProxy section */

/* Begin PBXFileReference section */
		F10682A12CC2B4D200F740DC /* throw4.mlmodel */ = {isa = PBXFileReference; lastKnownFileType = file.mlmodel; path = throw4.mlmodel; sourceTree = "<group>"; };
		F1B0B6E82CC8759300D28374 /* frog.gif */ = {isa = PBXFileReference; lastKnownFileType = image.gif; path = frog.gif; sourceTree = "<group>"; };
		F1EECF1E2CBCE9850099A1E1 /* crumpdump.app */ = {isa = PBXFileReference; explicitFileType = wrapper.application; includeInIndex = 0; path = crumpdump.app; sourceTree = BUILT_PRODUCTS_DIR; };
		F1EECF212CBCE9850099A1E1 /* crumpdumpApp.swift */ = {isa = PBXFileReference; lastKnownFileType = sourcecode.swift; path = crumpdumpApp.swift; sourceTree = "<group>"; };
		F1EECF252CBCE9860099A1E1 /* Assets.xcassets */ = {isa = PBXFileReference; lastKnownFileType = folder.assetcatalog; path = Assets.xcassets; sourceTree = "<group>"; };
		F1EECF2E2CBCE9860099A1E1 /* crumpdumpTests.xctest */ = {isa = PBXFileReference; explicitFileType = wrapper.cfbundle; includeInIndex = 0; path = crumpdumpTests.xctest; sourceTree = BUILT_PRODUCTS_DIR; };
		F1EECF382CBCE9860099A1E1 /* crumpdumpUITests.xctest */ = {isa = PBXFileReference; explicitFileType = wrapper.cfbundle; includeInIndex = 0; path = crumpdumpUITests.xctest; sourceTree = BUILT_PRODUCTS_DIR; };
/* End PBXFileReference section */

/* Begin PBXFileSystemSynchronizedRootGroup section */
		CD9133892CBE9F6300D24A07 /* Views */ = {isa = PBXFileSystemSynchronizedRootGroup; explicitFileTypes = {}; explicitFolders = (); path = Views; sourceTree = "<group>"; };
		CD91338A2CBE9F6800D24A07 /* Components */ = {isa = PBXFileSystemSynchronizedRootGroup; explicitFileTypes = {}; explicitFolders = (); path = Components; sourceTree = "<group>"; };
		F1B0B6B62CC871A400D28374 /* Scene */ = {isa = PBXFileSystemSynchronizedRootGroup; explicitFileTypes = {}; explicitFolders = (); path = Scene; sourceTree = "<group>"; };
		F1B0B6B72CC871BF00D28374 /* Sounds */ = {isa = PBXFileSystemSynchronizedRootGroup; explicitFileTypes = {}; explicitFolders = (); path = Sounds; sourceTree = "<group>"; };
		F1B0B6B92CC8727200D28374 /* Preview Content */ = {isa = PBXFileSystemSynchronizedRootGroup; explicitFileTypes = {}; explicitFolders = (); path = "Preview Content"; sourceTree = "<group>"; };
/* End PBXFileSystemSynchronizedRootGroup section */

/* Begin PBXFrameworksBuildPhase section */
		F1EECF1B2CBCE9850099A1E1 /* Frameworks */ = {
			isa = PBXFrameworksBuildPhase;
			buildActionMask = 2147483647;
			files = (
			);
			runOnlyForDeploymentPostprocessing = 0;
		};
		F1EECF2B2CBCE9860099A1E1 /* Frameworks */ = {
			isa = PBXFrameworksBuildPhase;
			buildActionMask = 2147483647;
			files = (
			);
			runOnlyForDeploymentPostprocessing = 0;
		};
		F1EECF352CBCE9860099A1E1 /* Frameworks */ = {
			isa = PBXFrameworksBuildPhase;
			buildActionMask = 2147483647;
			files = (
			);
			runOnlyForDeploymentPostprocessing = 0;
		};
/* End PBXFrameworksBuildPhase section */

/* Begin PBXGroup section */
		CD2781B32CC78F59002BC86F /* Sounds */ = {
			isa = PBXGroup;
			children = (
				CDB034D22CC2203300E54CFD /* crumping.mp3 */,
			);
			path = Sounds;
			sourceTree = "<group>";
		};
		F1B0B6B72CC871BF00D28374 /* Sounds */ = {
			isa = PBXGroup;
			children = (
				CDB034D22CC2203300E54CFD /* crumping.mp3 */,
			);
			path = Sounds;
			sourceTree = "<group>";
		};
		F1EECF152CBCE9840099A1E1 = {
			isa = PBXGroup;
			children = (
				F1EECF202CBCE9850099A1E1 /* crumpdump */,
				F1EECF1F2CBCE9850099A1E1 /* Products */,
			);
			sourceTree = "<group>";
		};
		F1EECF1F2CBCE9850099A1E1 /* Products */ = {
			isa = PBXGroup;
			children = (
				F1EECF1E2CBCE9850099A1E1 /* crumpdump.app */,
				F1EECF2E2CBCE9860099A1E1 /* crumpdumpTests.xctest */,
				F1EECF382CBCE9860099A1E1 /* crumpdumpUITests.xctest */,
			);
			name = Products;
			sourceTree = "<group>";
		};
		F1EECF202CBCE9850099A1E1 /* crumpdump */ = {
			isa = PBXGroup;
			children = (
				F1B0B6B72CC871BF00D28374 /* Sounds */,
				F1B0B6B62CC871A400D28374 /* Scene */,
				CD91338A2CBE9F6800D24A07 /* Components */,
				CD9133892CBE9F6300D24A07 /* Views */,
				F1EECF212CBCE9850099A1E1 /* crumpdumpApp.swift */,
				F10682A12CC2B4D200F740DC /* throw4.mlmodel */,
				F1EECF252CBCE9860099A1E1 /* Assets.xcassets */,
				F1B0B6B92CC8727200D28374 /* Preview Content */,
				F1B0B6E82CC8759300D28374 /* frog.gif */,
			);
			path = crumpdump;
			sourceTree = "<group>";
		};
/* End PBXGroup section */
	};
	rootObject = F1EECF162CBCE9850099A1E1 /* Project object */;
}
